
Microsoft Visual Studio Solution File, Format Version 12.00
# Visual Studio Version 17
VisualStudioVersion = 17.0.31825.309
MinimumVisualStudioVersion = 10.0.40219.1
Project("{2150E333-8FDC-42A3-9474-1A3956D46DE8}") = "Solution Items", "Solution Items", "{27D46CA1-41CB-40EC-A6C2-8BEC87F90857}"
EndProject
Project("{9A19103F-16F7-4668-BE54-9A1E7A4F7556}") = "CMS.UI", "CMS.UI\CMS.UI.csproj", "{2B1AF6C3-5E28-4F7B-B377-09DEA7905650}"
EndProject
Global
	GlobalSection(SolutionConfigurationPlatforms) = preSolution
		Debug|Any CPU = Debug|Any CPU
		Release|Any CPU = Release|Any CPU
	EndGlobalSection
	GlobalSection(ProjectConfigurationPlatforms) = postSolution
		{2B1AF6C3-5E28-4F7B-B377-09DEA7905650}.Debug|Any CPU.ActiveCfg = Debug|Any CPU
		{2B1AF6C3-5E28-4F7B-B377-09DEA7905650}.Debug|Any CPU.Build.0 = Debug|Any CPU
		{2B1AF6C3-5E28-4F7B-B377-09DEA7905650}.Release|Any CPU.ActiveCfg = Release|Any CPU
		{2B1AF6C3-5E28-4F7B-B377-09DEA7905650}.Release|Any CPU.Build.0 = Release|Any CPU
	EndGlobalSection
	GlobalSection(SolutionProperties) = preSolution
		HideSolutionNode = FALSE
	EndGlobalSection
	GlobalSection(ExtensibilityGlobals) = postSolution
		SolutionGuid = {708FB586-E98F-48A1-881F-A2D2124419B9}
	EndGlobalSection
EndGlobal
